
Microsoft Visual Studio Solution File, Format Version 12.00
# Visual Studio Version 17
VisualStudioVersion = 17.11.35222.181
MinimumVisualStudioVersion = 10.0.40219.1
Project("{9A19103F-16F7-4668-BE54-9A1E7A4F7556}") = "ECommerce_One", "ECommerce_One\ECommerce_One.csproj", "{3E409557-3816-4400-90C8-45337D9485C5}"
EndProject
Project("{FAE04EC0-301F-11D3-BF4B-00C04F79EFBC}") = "DashBoord_Ecomerce", "DashBoord_Ecomerce\DashBoord_Ecomerce.csproj", "{2BE48D90-6292-49BD-B00D-1086697D49E0}"
EndProject
Global
	GlobalSection(SolutionConfigurationPlatforms) = preSolution
		Debug|Any CPU = Debug|Any CPU
		Release|Any CPU = Release|Any CPU
	EndGlobalSection
	GlobalSection(ProjectConfigurationPlatforms) = postSolution
		{3E409557-3816-4400-90C8-45337D9485C5}.Debug|Any CPU.ActiveCfg = Debug|Any CPU
		{3E409557-3816-4400-90C8-45337D9485C5}.Debug|Any CPU.Build.0 = Debug|Any CPU
		{3E409557-3816-4400-90C8-45337D9485C5}.Release|Any CPU.ActiveCfg = Release|Any CPU
		{3E409557-3816-4400-90C8-45337D9485C5}.Release|Any CPU.Build.0 = Release|Any CPU
		{2BE48D90-6292-49BD-B00D-1086697D49E0}.Debug|Any CPU.ActiveCfg = Debug|Any CPU
		{2BE48D90-6292-49BD-B00D-1086697D49E0}.Debug|Any CPU.Build.0 = Debug|Any CPU
		{2BE48D90-6292-49BD-B00D-1086697D49E0}.Release|Any CPU.ActiveCfg = Release|Any CPU
		{2BE48D90-6292-49BD-B00D-1086697D49E0}.Release|Any CPU.Build.0 = Release|Any CPU
	EndGlobalSection
	GlobalSection(SolutionProperties) = preSolution
		HideSolutionNode = FALSE
	EndGlobalSection
	GlobalSection(ExtensibilityGlobals) = postSolution
		SolutionGuid = {757FE78A-4B38-4402-B690-1FEF4807EEA9}
	EndGlobalSection
EndGlobal
